# This file is generated by running "yarn install" inside your project.
# Manual changes might be lost - proceed with caution!

__metadata:
  version: 8
  cacheKey: 10c0

"@esbuild/android-arm64@npm:0.17.3":
  version: 0.17.3
  resolution: "@esbuild/android-arm64@npm:0.17.3"
  conditions: os=android & cpu=arm64
  languageName: node
  linkType: hard

"@esbuild/android-arm@npm:0.17.3":
  version: 0.17.3
  resolution: "@esbuild/android-arm@npm:0.17.3"
  conditions: os=android & cpu=arm
  languageName: node
  linkType: hard

"@esbuild/android-x64@npm:0.17.3":
  version: 0.17.3
  resolution: "@esbuild/android-x64@npm:0.17.3"
  conditions: os=android & cpu=x64
  languageName: node
  linkType: hard

"@esbuild/darwin-arm64@npm:0.17.3":
  version: 0.17.3
  resolution: "@esbuild/darwin-arm64@npm:0.17.3"
  conditions: os=darwin & cpu=arm64
  languageName: node
  linkType: hard

"@esbuild/darwin-x64@npm:0.17.3":
  version: 0.17.3
  resolution: "@esbuild/darwin-x64@npm:0.17.3"
  conditions: os=darwin & cpu=x64
  languageName: node
  linkType: hard

"@esbuild/freebsd-arm64@npm:0.17.3":
  version: 0.17.3
  resolution: "@esbuild/freebsd-arm64@npm:0.17.3"
  conditions: os=freebsd & cpu=arm64
  languageName: node
  linkType: hard

"@esbuild/freebsd-x64@npm:0.17.3":
  version: 0.17.3
  resolution: "@esbuild/freebsd-x64@npm:0.17.3"
  conditions: os=freebsd & cpu=x64
  languageName: node
  linkType: hard

"@esbuild/linux-arm64@npm:0.17.3":
  version: 0.17.3
  resolution: "@esbuild/linux-arm64@npm:0.17.3"
  conditions: os=linux & cpu=arm64
  languageName: node
  linkType: hard

"@esbuild/linux-arm@npm:0.17.3":
  version: 0.17.3
  resolution: "@esbuild/linux-arm@npm:0.17.3"
  conditions: os=linux & cpu=arm
  languageName: node
  linkType: hard

"@esbuild/linux-ia32@npm:0.17.3":
  version: 0.17.3
  resolution: "@esbuild/linux-ia32@npm:0.17.3"
  conditions: os=linux & cpu=ia32
  languageName: node
  linkType: hard

"@esbuild/linux-loong64@npm:0.17.3":
  version: 0.17.3
  resolution: "@esbuild/linux-loong64@npm:0.17.3"
  conditions: os=linux & cpu=loong64
  languageName: node
  linkType: hard

"@esbuild/linux-mips64el@npm:0.17.3":
  version: 0.17.3
  resolution: "@esbuild/linux-mips64el@npm:0.17.3"
  conditions: os=linux & cpu=mips64el
  languageName: node
  linkType: hard

"@esbuild/linux-ppc64@npm:0.17.3":
  version: 0.17.3
  resolution: "@esbuild/linux-ppc64@npm:0.17.3"
  conditions: os=linux & cpu=ppc64
  languageName: node
  linkType: hard

"@esbuild/linux-riscv64@npm:0.17.3":
  version: 0.17.3
  resolution: "@esbuild/linux-riscv64@npm:0.17.3"
  conditions: os=linux & cpu=riscv64
  languageName: node
  linkType: hard

"@esbuild/linux-s390x@npm:0.17.3":
  version: 0.17.3
  resolution: "@esbuild/linux-s390x@npm:0.17.3"
  conditions: os=linux & cpu=s390x
  languageName: node
  linkType: hard

"@esbuild/linux-x64@npm:0.17.3":
  version: 0.17.3
  resolution: "@esbuild/linux-x64@npm:0.17.3"
  conditions: os=linux & cpu=x64
  languageName: node
  linkType: hard

"@esbuild/netbsd-x64@npm:0.17.3":
  version: 0.17.3
  resolution: "@esbuild/netbsd-x64@npm:0.17.3"
  conditions: os=netbsd & cpu=x64
  languageName: node
  linkType: hard

"@esbuild/openbsd-x64@npm:0.17.3":
  version: 0.17.3
  resolution: "@esbuild/openbsd-x64@npm:0.17.3"
  conditions: os=openbsd & cpu=x64
  languageName: node
  linkType: hard

"@esbuild/sunos-x64@npm:0.17.3":
  version: 0.17.3
  resolution: "@esbuild/sunos-x64@npm:0.17.3"
  conditions: os=sunos & cpu=x64
  languageName: node
  linkType: hard

"@esbuild/win32-arm64@npm:0.17.3":
  version: 0.17.3
  resolution: "@esbuild/win32-arm64@npm:0.17.3"
  conditions: os=win32 & cpu=arm64
  languageName: node
  linkType: hard

"@esbuild/win32-ia32@npm:0.17.3":
  version: 0.17.3
  resolution: "@esbuild/win32-ia32@npm:0.17.3"
  conditions: os=win32 & cpu=ia32
  languageName: node
  linkType: hard

"@esbuild/win32-x64@npm:0.17.3":
  version: 0.17.3
  resolution: "@esbuild/win32-x64@npm:0.17.3"
  conditions: os=win32 & cpu=x64
  languageName: node
  linkType: hard

"@types/codemirror@npm:5.60.8":
  version: 5.60.8
  resolution: "@types/codemirror@npm:5.60.8"
  dependencies:
    "@types/tern": "npm:*"
  checksum: 10c0/cf72f1650f78902afadcdf4a1042f7f7cb7d1cc8d6c7135ac3d5e07e5314671c77d7f331001fd0a2dc9bf976b5ac0ce8f0c8922f4cafeb680ac20e68afa02c13
  languageName: node
  linkType: hard

"@types/estree@npm:*":
  version: 0.0.51
  resolution: "@types/estree@npm:0.0.51"
  checksum: 10c0/a70c60d5e634e752fcd45b58c9c046ef22ad59ede4bc93ad5193c7e3b736ebd6bcd788ade59d9c3b7da6eeb0939235f011d4c59bb4fc04d8c346b76035099dd1
  languageName: node
  linkType: hard

"@types/node@npm:^24.10.1":
  version: 24.10.1
  resolution: "@types/node@npm:24.10.1"
  dependencies:
    undici-types: "npm:~7.16.0"
  checksum: 10c0/d6bca7a78f550fbb376f236f92b405d676003a8a09a1b411f55920ef34286ee3ee51f566203920e835478784df52662b5b2af89159d9d319352e9ea21801c002
  languageName: node
  linkType: hard

"@types/tern@npm:*":
  version: 0.23.4
  resolution: "@types/tern@npm:0.23.4"
  dependencies:
    "@types/estree": "npm:*"
  checksum: 10c0/72fc9ba34351279b8cce9669e8db54fa70a909392e438ca18fd033b1e6d6f79c896d9ffc805cfc4212c340612d4777243a7e2521c7edc5bc627796b552f256c1
  languageName: node
  linkType: hard

"builtin-modules@npm:^3.2.0":
  version: 3.2.0
  resolution: "builtin-modules@npm:3.2.0"
  checksum: 10c0/01bddc89cb9608884afb6c6be66f3dfa5c2576e3fe6850aa656f1282b68e4930dd67174fc764ea6fc3f5890436e370e6d6cdc4ce4c16b9576a3965860960b7e9
  languageName: node
  linkType: hard

"esbuild@npm:0.17.3":
  version: 0.17.3
  resolution: "esbuild@npm:0.17.3"
  dependencies:
    "@esbuild/android-arm": "npm:0.17.3"
    "@esbuild/android-arm64": "npm:0.17.3"
    "@esbuild/android-x64": "npm:0.17.3"
    "@esbuild/darwin-arm64": "npm:0.17.3"
    "@esbuild/darwin-x64": "npm:0.17.3"
    "@esbuild/freebsd-arm64": "npm:0.17.3"
    "@esbuild/freebsd-x64": "npm:0.17.3"
    "@esbuild/linux-arm": "npm:0.17.3"
    "@esbuild/linux-arm64": "npm:0.17.3"
    "@esbuild/linux-ia32": "npm:0.17.3"
    "@esbuild/linux-loong64": "npm:0.17.3"
    "@esbuild/linux-mips64el": "npm:0.17.3"
    "@esbuild/linux-ppc64": "npm:0.17.3"
    "@esbuild/linux-riscv64": "npm:0.17.3"
    "@esbuild/linux-s390x": "npm:0.17.3"
    "@esbuild/linux-x64": "npm:0.17.3"
    "@esbuild/netbsd-x64": "npm:0.17.3"
    "@esbuild/openbsd-x64": "npm:0.17.3"
    "@esbuild/sunos-x64": "npm:0.17.3"
    "@esbuild/win32-arm64": "npm:0.17.3"
    "@esbuild/win32-ia32": "npm:0.17.3"
    "@esbuild/win32-x64": "npm:0.17.3"
  dependenciesMeta:
    "@esbuild/android-arm":
      optional: true
    "@esbuild/android-arm64":
      optional: true
    "@esbuild/android-x64":
      optional: true
    "@esbuild/darwin-arm64":
      optional: true
    "@esbuild/darwin-x64":
      optional: true
    "@esbuild/freebsd-arm64":
      optional: true
    "@esbuild/freebsd-x64":
      optional: true
    "@esbuild/linux-arm":
      optional: true
    "@esbuild/linux-arm64":
      optional: true
    "@esbuild/linux-ia32":
      optional: true
    "@esbuild/linux-loong64":
      optional: true
    "@esbuild/linux-mips64el":
      optional: true
    "@esbuild/linux-ppc64":
      optional: true
    "@esbuild/linux-riscv64":
      optional: true
    "@esbuild/linux-s390x":
      optional: true
    "@esbuild/linux-x64":
      optional: true
    "@esbuild/netbsd-x64":
      optional: true
    "@esbuild/openbsd-x64":
      optional: true
    "@esbuild/sunos-x64":
      optional: true
    "@esbuild/win32-arm64":
      optional: true
    "@esbuild/win32-ia32":
      optional: true
    "@esbuild/win32-x64":
      optional: true
  bin:
    esbuild: bin/esbuild
  checksum: 10c0/0b17e66f68c6cc0665cc47fdc03d5189d27ba6aeca15513d777b09053c3ce2565417841f706db3c7ce34653d57f82d8168c10ffb569eb2dd7926aed8d628f8e2
  languageName: node
  linkType: hard

"moment@npm:2.29.4":
  version: 2.29.4
  resolution: "moment@npm:2.29.4"
  checksum: 10c0/844c6f3ce42862ac9467c8ca4f5e48a00750078682cc5bda1bc0e50cc7ca88e2115a0f932d65a06e4a90e26cb78892be9b3ca3dd6546ca2c4d994cebb787fc2b
  languageName: node
  linkType: hard

"obsidian-auto-card-link@workspace:.":
  version: 0.0.0-use.local
  resolution: "obsidian-auto-card-link@workspace:."
  dependencies:
    "@types/node": "npm:^24.10.1"
    builtin-modules: "npm:^3.2.0"
    esbuild: "npm:0.17.3"
    obsidian: "npm:^1.10.3"
    prettier: "npm:^3.6.2"
    typescript: "npm:^5.9.3"
  languageName: unknown
  linkType: soft

"obsidian@npm:^1.10.3":
  version: 1.10.3
  resolution: "obsidian@npm:1.10.3"
  dependencies:
    "@types/codemirror": "npm:5.60.8"
    moment: "npm:2.29.4"
  peerDependencies:
    "@codemirror/state": 6.5.0
    "@codemirror/view": 6.38.6
  checksum: 10c0/05cd7718e3498f87e07d1c56b67ab8a6001ae0ac2c4ed40bac69dd4690ec7c1dcef623a8adb1b5a5bab039de905dcd50c91197ba73895110c7678ffbd70d217b
  languageName: node
  linkType: hard

"prettier@npm:^3.6.2":
  version: 3.6.2
  resolution: "prettier@npm:3.6.2"
  bin:
    prettier: bin/prettier.cjs
  checksum: 10c0/488cb2f2b99ec13da1e50074912870217c11edaddedeadc649b1244c749d15ba94e846423d062e2c4c9ae683e2d65f754de28889ba06e697ac4f988d44f45812
  languageName: node
  linkType: hard

"typescript@npm:^5.9.3":
  version: 5.9.3
  resolution: "typescript@npm:5.9.3"
  bin:
    tsc: bin/tsc
    tsserver: bin/tsserver
  checksum: 10c0/6bd7552ce39f97e711db5aa048f6f9995b53f1c52f7d8667c1abdc1700c68a76a308f579cd309ce6b53646deb4e9a1be7c813a93baaf0a28ccd536a30270e1c5
  languageName: node
  linkType: hard

"typescript@patch:typescript@npm%3A^5.9.3#optional!builtin<compat/typescript>":
  version: 5.9.3
  resolution: "typescript@patch:typescript@npm%3A5.9.3#optional!builtin<compat/typescript>::version=5.9.3&hash=5786d5"
  bin:
    tsc: bin/tsc
    tsserver: bin/tsserver
  checksum: 10c0/ad09fdf7a756814dce65bc60c1657b40d44451346858eea230e10f2e95a289d9183b6e32e5c11e95acc0ccc214b4f36289dcad4bf1886b0adb84d711d336a430
  languageName: node
  linkType: hard

"undici-types@npm:~7.16.0":
  version: 7.16.0
  resolution: "undici-types@npm:7.16.0"
  checksum: 10c0/3033e2f2b5c9f1504bdc5934646cb54e37ecaca0f9249c983f7b1fc2e87c6d18399ebb05dc7fd5419e02b2e915f734d872a65da2e3eeed1813951c427d33cc9a
  languageName: node
  linkType: hard
